
Microsoft Visual Studio Solution File, Format Version 12.00
# Visual Studio Version 16
VisualStudioVersion = 16.0.31424.327
MinimumVisualStudioVersion = 10.0.40219.1
Project("{9A19103F-16F7-4668-BE54-9A1E7A4F7556}") = "2021AdventOfCode011", "2021AdventOfCode1\2021AdventOfCode011.csproj", "{DD51AFC1-C953-4B5D-B2B3-62FBD346C00C}"
EndProject
Project("{9A19103F-16F7-4668-BE54-9A1E7A4F7556}") = "2021AdventOfCode012", "2021AdventOfCode2\2021AdventOfCode012.csproj", "{86FF1E43-614A-4A99-82A6-2387C852D43D}"
EndProject
Project("{9A19103F-16F7-4668-BE54-9A1E7A4F7556}") = "Data", "Data\Data.csproj", "{3359582C-130F-4ABE-8F3C-82191278E3D6}"
EndProject
Project("{9A19103F-16F7-4668-BE54-9A1E7A4F7556}") = "2021AdventOfCode021", "2021AdventOfCode21\2021AdventOfCode021.csproj", "{AE0E859B-03AD-41A9-A94D-36EB0874C12B}"
EndProject
Project("{9A19103F-16F7-4668-BE54-9A1E7A4F7556}") = "2021AdventOfCode022", "2021AdventOfCode22\2021AdventOfCode022.csproj", "{11C368C0-EABA-4731-9531-DD1FC3D7CEEA}"
EndProject
Project("{9A19103F-16F7-4668-BE54-9A1E7A4F7556}") = "2021AdventOfCode031", "2021AdventOfCode31\2021AdventOfCode031.csproj", "{C9FA32DE-88E3-4BAC-8397-145EC24C6BD3}"
EndProject
Project("{9A19103F-16F7-4668-BE54-9A1E7A4F7556}") = "2021AdventOfCode032", "2021AdventOfCode32\2021AdventOfCode032.csproj", "{B91D96C6-FD61-4E59-A08D-D5EF55AE363E}"
EndProject
Project("{9A19103F-16F7-4668-BE54-9A1E7A4F7556}") = "2021AdventOfCode041", "2021AdventOfCode41\2021AdventOfCode041.csproj", "{B07A20C8-619A-4F0E-8119-40884B9C78A7}"
EndProject
Project("{9A19103F-16F7-4668-BE54-9A1E7A4F7556}") = "2021AdventOfCode042", "2021AdventOfCode42\2021AdventOfCode042.csproj", "{BD15FA34-F288-4E88-BECA-D17921774337}"
EndProject
Project("{9A19103F-16F7-4668-BE54-9A1E7A4F7556}") = "2021AdventOfCode051", "2021AdventOfCode51\2021AdventOfCode051.csproj", "{2560DA14-02C0-4298-80EB-9FB3E726B6B2}"
EndProject
Project("{9A19103F-16F7-4668-BE54-9A1E7A4F7556}") = "2021AdventOfCode052", "2021AdventOfCode52\2021AdventOfCode052.csproj", "{2698F755-9866-4A96-8EB4-7E0F1985AA65}"
EndProject
Project("{9A19103F-16F7-4668-BE54-9A1E7A4F7556}") = "2021AdventOfCode061", "2021AdventOfCode61\2021AdventOfCode061.csproj", "{7CE1DBEA-AF00-40DD-A789-14608E3A09DE}"
EndProject
Project("{9A19103F-16F7-4668-BE54-9A1E7A4F7556}") = "2021AdventOfCode062", "2021AdventOfCode62\2021AdventOfCode062.csproj", "{577585BA-62C1-4150-872C-580B46E01DEC}"
EndProject
Project("{9A19103F-16F7-4668-BE54-9A1E7A4F7556}") = "2021AdventOfCode071", "2021AdventOfCode71\2021AdventOfCode071.csproj", "{A3493171-7376-4D0B-9371-B9C9D9DC338A}"
EndProject
Project("{9A19103F-16F7-4668-BE54-9A1E7A4F7556}") = "2021AdventOfCode072", "2021AdventOfCode72\2021AdventOfCode072.csproj", "{A663DFA8-786E-4984-ADEC-3AB267BC7BCD}"
EndProject
Project("{9A19103F-16F7-4668-BE54-9A1E7A4F7556}") = "2021AdventOfCode081", "2021AdventOfCode81\2021AdventOfCode081.csproj", "{37CA5A8D-A83B-4F9E-BB7B-4B89F6F98D10}"
EndProject
Project("{9A19103F-16F7-4668-BE54-9A1E7A4F7556}") = "2021AdventOfCode082", "2021AdventOfCode82\2021AdventOfCode082.csproj", "{5E46A25E-3387-451B-B8AF-C8CAC95D359C}"
EndProject
Project("{9A19103F-16F7-4668-BE54-9A1E7A4F7556}") = "2021AdventOfCode091", "2021AdventOfCode91\2021AdventOfCode091.csproj", "{A5AD0689-1372-4E7D-A950-4DB4269FC765}"
EndProject
Project("{9A19103F-16F7-4668-BE54-9A1E7A4F7556}") = "2021AdventOfCode092", "2021AdventOfCode92\2021AdventOfCode092.csproj", "{C4231592-F594-4A48-BE73-9AAA48E031C8}"
EndProject
Project("{FAE04EC0-301F-11D3-BF4B-00C04F79EFBC}") = "2021AdventOfCode101", "2021AdventOfCode101\2021AdventOfCode101.csproj", "{4D495253-51F1-4F71-97EF-23836FCDBA08}"
EndProject
Global
	GlobalSection(SolutionConfigurationPlatforms) = preSolution
		Debug|Any CPU = Debug|Any CPU
		Release|Any CPU = Release|Any CPU
	EndGlobalSection
	GlobalSection(ProjectConfigurationPlatforms) = postSolution
		{DD51AFC1-C953-4B5D-B2B3-62FBD346C00C}.Debug|Any CPU.ActiveCfg = Debug|Any CPU
		{DD51AFC1-C953-4B5D-B2B3-62FBD346C00C}.Debug|Any CPU.Build.0 = Debug|Any CPU
		{DD51AFC1-C953-4B5D-B2B3-62FBD346C00C}.Release|Any CPU.ActiveCfg = Release|Any CPU
		{DD51AFC1-C953-4B5D-B2B3-62FBD346C00C}.Release|Any CPU.Build.0 = Release|Any CPU
		{86FF1E43-614A-4A99-82A6-2387C852D43D}.Debug|Any CPU.ActiveCfg = Debug|Any CPU
		{86FF1E43-614A-4A99-82A6-2387C852D43D}.Debug|Any CPU.Build.0 = Debug|Any CPU
		{86FF1E43-614A-4A99-82A6-2387C852D43D}.Release|Any CPU.ActiveCfg = Release|Any CPU
		{86FF1E43-614A-4A99-82A6-2387C852D43D}.Release|Any CPU.Build.0 = Release|Any CPU
		{3359582C-130F-4ABE-8F3C-82191278E3D6}.Debug|Any CPU.ActiveCfg = Debug|Any CPU
		{3359582C-130F-4ABE-8F3C-82191278E3D6}.Debug|Any CPU.Build.0 = Debug|Any CPU
		{3359582C-130F-4ABE-8F3C-82191278E3D6}.Release|Any CPU.ActiveCfg = Release|Any CPU
		{3359582C-130F-4ABE-8F3C-82191278E3D6}.Release|Any CPU.Build.0 = Release|Any CPU
		{AE0E859B-03AD-41A9-A94D-36EB0874C12B}.Debug|Any CPU.ActiveCfg = Debug|Any CPU
		{AE0E859B-03AD-41A9-A94D-36EB0874C12B}.Debug|Any CPU.Build.0 = Debug|Any CPU
		{AE0E859B-03AD-41A9-A94D-36EB0874C12B}.Release|Any CPU.ActiveCfg = Release|Any CPU
		{AE0E859B-03AD-41A9-A94D-36EB0874C12B}.Release|Any CPU.Build.0 = Release|Any CPU
		{11C368C0-EABA-4731-9531-DD1FC3D7CEEA}.Debug|Any CPU.ActiveCfg = Debug|Any CPU
		{11C368C0-EABA-4731-9531-DD1FC3D7CEEA}.Debug|Any CPU.Build.0 = Debug|Any CPU
		{11C368C0-EABA-4731-9531-DD1FC3D7CEEA}.Release|Any CPU.ActiveCfg = Release|Any CPU
		{11C368C0-EABA-4731-9531-DD1FC3D7CEEA}.Release|Any CPU.Build.0 = Release|Any CPU
		{C9FA32DE-88E3-4BAC-8397-145EC24C6BD3}.Debug|Any CPU.ActiveCfg = Debug|Any CPU
		{C9FA32DE-88E3-4BAC-8397-145EC24C6BD3}.Debug|Any CPU.Build.0 = Debug|Any CPU
		{C9FA32DE-88E3-4BAC-8397-145EC24C6BD3}.Release|Any CPU.ActiveCfg = Release|Any CPU
		{C9FA32DE-88E3-4BAC-8397-145EC24C6BD3}.Release|Any CPU.Build.0 = Release|Any CPU
		{B91D96C6-FD61-4E59-A08D-D5EF55AE363E}.Debug|Any CPU.ActiveCfg = Debug|Any CPU
		{B91D96C6-FD61-4E59-A08D-D5EF55AE363E}.Debug|Any CPU.Build.0 = Debug|Any CPU
		{B91D96C6-FD61-4E59-A08D-D5EF55AE363E}.Release|Any CPU.ActiveCfg = Release|Any CPU
		{B91D96C6-FD61-4E59-A08D-D5EF55AE363E}.Release|Any CPU.Build.0 = Release|Any CPU
		{B07A20C8-619A-4F0E-8119-40884B9C78A7}.Debug|Any CPU.ActiveCfg = Debug|Any CPU
		{B07A20C8-619A-4F0E-8119-40884B9C78A7}.Debug|Any CPU.Build.0 = Debug|Any CPU
		{B07A20C8-619A-4F0E-8119-40884B9C78A7}.Release|Any CPU.ActiveCfg = Release|Any CPU
		{B07A20C8-619A-4F0E-8119-40884B9C78A7}.Release|Any CPU.Build.0 = Release|Any CPU
		{BD15FA34-F288-4E88-BECA-D17921774337}.Debug|Any CPU.ActiveCfg = Debug|Any CPU
		{BD15FA34-F288-4E88-BECA-D17921774337}.Debug|Any CPU.Build.0 = Debug|Any CPU
		{BD15FA34-F288-4E88-BECA-D17921774337}.Release|Any CPU.ActiveCfg = Release|Any CPU
		{BD15FA34-F288-4E88-BECA-D17921774337}.Release|Any CPU.Build.0 = Release|Any CPU
		{2560DA14-02C0-4298-80EB-9FB3E726B6B2}.Debug|Any CPU.ActiveCfg = Debug|Any CPU
		{2560DA14-02C0-4298-80EB-9FB3E726B6B2}.Debug|Any CPU.Build.0 = Debug|Any CPU
		{2560DA14-02C0-4298-80EB-9FB3E726B6B2}.Release|Any CPU.ActiveCfg = Release|Any CPU
		{2560DA14-02C0-4298-80EB-9FB3E726B6B2}.Release|Any CPU.Build.0 = Release|Any CPU
		{2698F755-9866-4A96-8EB4-7E0F1985AA65}.Debug|Any CPU.ActiveCfg = Debug|Any CPU
		{2698F755-9866-4A96-8EB4-7E0F1985AA65}.Debug|Any CPU.Build.0 = Debug|Any CPU
		{2698F755-9866-4A96-8EB4-7E0F1985AA65}.Release|Any CPU.ActiveCfg = Release|Any CPU
		{2698F755-9866-4A96-8EB4-7E0F1985AA65}.Release|Any CPU.Build.0 = Release|Any CPU
		{7CE1DBEA-AF00-40DD-A789-14608E3A09DE}.Debug|Any CPU.ActiveCfg = Debug|Any CPU
		{7CE1DBEA-AF00-40DD-A789-14608E3A09DE}.Debug|Any CPU.Build.0 = Debug|Any CPU
		{7CE1DBEA-AF00-40DD-A789-14608E3A09DE}.Release|Any CPU.ActiveCfg = Release|Any CPU
		{7CE1DBEA-AF00-40DD-A789-14608E3A09DE}.Release|Any CPU.Build.0 = Release|Any CPU
		{577585BA-62C1-4150-872C-580B46E01DEC}.Debug|Any CPU.ActiveCfg = Debug|Any CPU
		{577585BA-62C1-4150-872C-580B46E01DEC}.Debug|Any CPU.Build.0 = Debug|Any CPU
		{577585BA-62C1-4150-872C-580B46E01DEC}.Release|Any CPU.ActiveCfg = Release|Any CPU
		{577585BA-62C1-4150-872C-580B46E01DEC}.Release|Any CPU.Build.0 = Release|Any CPU
		{A3493171-7376-4D0B-9371-B9C9D9DC338A}.Debug|Any CPU.ActiveCfg = Debug|Any CPU
		{A3493171-7376-4D0B-9371-B9C9D9DC338A}.Debug|Any CPU.Build.0 = Debug|Any CPU
		{A3493171-7376-4D0B-9371-B9C9D9DC338A}.Release|Any CPU.ActiveCfg = Release|Any CPU
		{A3493171-7376-4D0B-9371-B9C9D9DC338A}.Release|Any CPU.Build.0 = Release|Any CPU
		{A663DFA8-786E-4984-ADEC-3AB267BC7BCD}.Debug|Any CPU.ActiveCfg = Debug|Any CPU
		{A663DFA8-786E-4984-ADEC-3AB267BC7BCD}.Debug|Any CPU.Build.0 = Debug|Any CPU
		{A663DFA8-786E-4984-ADEC-3AB267BC7BCD}.Release|Any CPU.ActiveCfg = Release|Any CPU
		{A663DFA8-786E-4984-ADEC-3AB267BC7BCD}.Release|Any CPU.Build.0 = Release|Any CPU
		{37CA5A8D-A83B-4F9E-BB7B-4B89F6F98D10}.Debug|Any CPU.ActiveCfg = Debug|Any CPU
		{37CA5A8D-A83B-4F9E-BB7B-4B89F6F98D10}.Debug|Any CPU.Build.0 = Debug|Any CPU
		{37CA5A8D-A83B-4F9E-BB7B-4B89F6F98D10}.Release|Any CPU.ActiveCfg = Release|Any CPU
		{37CA5A8D-A83B-4F9E-BB7B-4B89F6F98D10}.Release|Any CPU.Build.0 = Release|Any CPU
		{5E46A25E-3387-451B-B8AF-C8CAC95D359C}.Debug|Any CPU.ActiveCfg = Debug|Any CPU
		{5E46A25E-3387-451B-B8AF-C8CAC95D359C}.Debug|Any CPU.Build.0 = Debug|Any CPU
		{5E46A25E-3387-451B-B8AF-C8CAC95D359C}.Release|Any CPU.ActiveCfg = Release|Any CPU
		{5E46A25E-3387-451B-B8AF-C8CAC95D359C}.Release|Any CPU.Build.0 = Release|Any CPU
		{A5AD0689-1372-4E7D-A950-4DB4269FC765}.Debug|Any CPU.ActiveCfg = Debug|Any CPU
		{A5AD0689-1372-4E7D-A950-4DB4269FC765}.Debug|Any CPU.Build.0 = Debug|Any CPU
		{A5AD0689-1372-4E7D-A950-4DB4269FC765}.Release|Any CPU.ActiveCfg = Release|Any CPU
		{A5AD0689-1372-4E7D-A950-4DB4269FC765}.Release|Any CPU.Build.0 = Release|Any CPU
		{C4231592-F594-4A48-BE73-9AAA48E031C8}.Debug|Any CPU.ActiveCfg = Debug|Any CPU
		{C4231592-F594-4A48-BE73-9AAA48E031C8}.Debug|Any CPU.Build.0 = Debug|Any CPU
		{C4231592-F594-4A48-BE73-9AAA48E031C8}.Release|Any CPU.ActiveCfg = Release|Any CPU
		{C4231592-F594-4A48-BE73-9AAA48E031C8}.Release|Any CPU.Build.0 = Release|Any CPU
		{4D495253-51F1-4F71-97EF-23836FCDBA08}.Debug|Any CPU.ActiveCfg = Debug|Any CPU
		{4D495253-51F1-4F71-97EF-23836FCDBA08}.Debug|Any CPU.Build.0 = Debug|Any CPU
		{4D495253-51F1-4F71-97EF-23836FCDBA08}.Release|Any CPU.ActiveCfg = Release|Any CPU
		{4D495253-51F1-4F71-97EF-23836FCDBA08}.Release|Any CPU.Build.0 = Release|Any CPU
	EndGlobalSection
	GlobalSection(SolutionProperties) = preSolution
		HideSolutionNode = FALSE
	EndGlobalSection
	GlobalSection(ExtensibilityGlobals) = postSolution
		SolutionGuid = {A1B65E7F-D4CF-4062-B525-653BC638D955}
	EndGlobalSection
EndGlobal
