
Microsoft Visual Studio Solution File, Format Version 12.00
# Visual Studio Version 16
VisualStudioVersion = 16.0.31424.327
MinimumVisualStudioVersion = 10.0.40219.1
Project("{9A19103F-16F7-4668-BE54-9A1E7A4F7556}") = "2021AdventOfCode1", "2021AdventOfCode1\2021AdventOfCode1.csproj", "{DD51AFC1-C953-4B5D-B2B3-62FBD346C00C}"
EndProject
Project("{9A19103F-16F7-4668-BE54-9A1E7A4F7556}") = "2021AdventOfCode2", "2021AdventOfCode2\2021AdventOfCode2.csproj", "{86FF1E43-614A-4A99-82A6-2387C852D43D}"
EndProject
Project("{9A19103F-16F7-4668-BE54-9A1E7A4F7556}") = "Data", "Data\Data.csproj", "{3359582C-130F-4ABE-8F3C-82191278E3D6}"
EndProject
Project("{9A19103F-16F7-4668-BE54-9A1E7A4F7556}") = "2021AdventOfCode21", "2021AdventOfCode21\2021AdventOfCode21.csproj", "{AE0E859B-03AD-41A9-A94D-36EB0874C12B}"
EndProject
Project("{9A19103F-16F7-4668-BE54-9A1E7A4F7556}") = "2021AdventOfCode22", "2021AdventOfCode22\2021AdventOfCode22.csproj", "{11C368C0-EABA-4731-9531-DD1FC3D7CEEA}"
EndProject
Project("{9A19103F-16F7-4668-BE54-9A1E7A4F7556}") = "2021AdventOfCode31", "2021AdventOfCode31\2021AdventOfCode31.csproj", "{C9FA32DE-88E3-4BAC-8397-145EC24C6BD3}"
EndProject
Project("{9A19103F-16F7-4668-BE54-9A1E7A4F7556}") = "2021AdventOfCode32", "2021AdventOfCode32\2021AdventOfCode32.csproj", "{B91D96C6-FD61-4E59-A08D-D5EF55AE363E}"
EndProject
Project("{9A19103F-16F7-4668-BE54-9A1E7A4F7556}") = "2021AdventOfCode41", "2021AdventOfCode41\2021AdventOfCode41.csproj", "{B07A20C8-619A-4F0E-8119-40884B9C78A7}"
EndProject
Project("{9A19103F-16F7-4668-BE54-9A1E7A4F7556}") = "2021AdventOfCode42", "2021AdventOfCode42\2021AdventOfCode42.csproj", "{BD15FA34-F288-4E88-BECA-D17921774337}"
EndProject
Project("{9A19103F-16F7-4668-BE54-9A1E7A4F7556}") = "2021AdventOfCode51", "2021AdventOfCode51\2021AdventOfCode51.csproj", "{2560DA14-02C0-4298-80EB-9FB3E726B6B2}"
EndProject
Project("{9A19103F-16F7-4668-BE54-9A1E7A4F7556}") = "2021AdventOfCode52", "2021AdventOfCode52\2021AdventOfCode52.csproj", "{2698F755-9866-4A96-8EB4-7E0F1985AA65}"
EndProject
Project("{FAE04EC0-301F-11D3-BF4B-00C04F79EFBC}") = "2021AdventOfCode61", "2021AdventOfCode61\2021AdventOfCode61.csproj", "{7CE1DBEA-AF00-40DD-A789-14608E3A09DE}"
EndProject
Global
	GlobalSection(SolutionConfigurationPlatforms) = preSolution
		Debug|Any CPU = Debug|Any CPU
		Release|Any CPU = Release|Any CPU
	EndGlobalSection
	GlobalSection(ProjectConfigurationPlatforms) = postSolution
		{DD51AFC1-C953-4B5D-B2B3-62FBD346C00C}.Debug|Any CPU.ActiveCfg = Debug|Any CPU
		{DD51AFC1-C953-4B5D-B2B3-62FBD346C00C}.Debug|Any CPU.Build.0 = Debug|Any CPU
		{DD51AFC1-C953-4B5D-B2B3-62FBD346C00C}.Release|Any CPU.ActiveCfg = Release|Any CPU
		{DD51AFC1-C953-4B5D-B2B3-62FBD346C00C}.Release|Any CPU.Build.0 = Release|Any CPU
		{86FF1E43-614A-4A99-82A6-2387C852D43D}.Debug|Any CPU.ActiveCfg = Debug|Any CPU
		{86FF1E43-614A-4A99-82A6-2387C852D43D}.Debug|Any CPU.Build.0 = Debug|Any CPU
		{86FF1E43-614A-4A99-82A6-2387C852D43D}.Release|Any CPU.ActiveCfg = Release|Any CPU
		{86FF1E43-614A-4A99-82A6-2387C852D43D}.Release|Any CPU.Build.0 = Release|Any CPU
		{3359582C-130F-4ABE-8F3C-82191278E3D6}.Debug|Any CPU.ActiveCfg = Debug|Any CPU
		{3359582C-130F-4ABE-8F3C-82191278E3D6}.Debug|Any CPU.Build.0 = Debug|Any CPU
		{3359582C-130F-4ABE-8F3C-82191278E3D6}.Release|Any CPU.ActiveCfg = Release|Any CPU
		{3359582C-130F-4ABE-8F3C-82191278E3D6}.Release|Any CPU.Build.0 = Release|Any CPU
		{AE0E859B-03AD-41A9-A94D-36EB0874C12B}.Debug|Any CPU.ActiveCfg = Debug|Any CPU
		{AE0E859B-03AD-41A9-A94D-36EB0874C12B}.Debug|Any CPU.Build.0 = Debug|Any CPU
		{AE0E859B-03AD-41A9-A94D-36EB0874C12B}.Release|Any CPU.ActiveCfg = Release|Any CPU
		{AE0E859B-03AD-41A9-A94D-36EB0874C12B}.Release|Any CPU.Build.0 = Release|Any CPU
		{11C368C0-EABA-4731-9531-DD1FC3D7CEEA}.Debug|Any CPU.ActiveCfg = Debug|Any CPU
		{11C368C0-EABA-4731-9531-DD1FC3D7CEEA}.Debug|Any CPU.Build.0 = Debug|Any CPU
		{11C368C0-EABA-4731-9531-DD1FC3D7CEEA}.Release|Any CPU.ActiveCfg = Release|Any CPU
		{11C368C0-EABA-4731-9531-DD1FC3D7CEEA}.Release|Any CPU.Build.0 = Release|Any CPU
		{C9FA32DE-88E3-4BAC-8397-145EC24C6BD3}.Debug|Any CPU.ActiveCfg = Debug|Any CPU
		{C9FA32DE-88E3-4BAC-8397-145EC24C6BD3}.Debug|Any CPU.Build.0 = Debug|Any CPU
		{C9FA32DE-88E3-4BAC-8397-145EC24C6BD3}.Release|Any CPU.ActiveCfg = Release|Any CPU
		{C9FA32DE-88E3-4BAC-8397-145EC24C6BD3}.Release|Any CPU.Build.0 = Release|Any CPU
		{B91D96C6-FD61-4E59-A08D-D5EF55AE363E}.Debug|Any CPU.ActiveCfg = Debug|Any CPU
		{B91D96C6-FD61-4E59-A08D-D5EF55AE363E}.Debug|Any CPU.Build.0 = Debug|Any CPU
		{B91D96C6-FD61-4E59-A08D-D5EF55AE363E}.Release|Any CPU.ActiveCfg = Release|Any CPU
		{B91D96C6-FD61-4E59-A08D-D5EF55AE363E}.Release|Any CPU.Build.0 = Release|Any CPU
		{B07A20C8-619A-4F0E-8119-40884B9C78A7}.Debug|Any CPU.ActiveCfg = Debug|Any CPU
		{B07A20C8-619A-4F0E-8119-40884B9C78A7}.Debug|Any CPU.Build.0 = Debug|Any CPU
		{B07A20C8-619A-4F0E-8119-40884B9C78A7}.Release|Any CPU.ActiveCfg = Release|Any CPU
		{B07A20C8-619A-4F0E-8119-40884B9C78A7}.Release|Any CPU.Build.0 = Release|Any CPU
		{BD15FA34-F288-4E88-BECA-D17921774337}.Debug|Any CPU.ActiveCfg = Debug|Any CPU
		{BD15FA34-F288-4E88-BECA-D17921774337}.Debug|Any CPU.Build.0 = Debug|Any CPU
		{BD15FA34-F288-4E88-BECA-D17921774337}.Release|Any CPU.ActiveCfg = Release|Any CPU
		{BD15FA34-F288-4E88-BECA-D17921774337}.Release|Any CPU.Build.0 = Release|Any CPU
		{2560DA14-02C0-4298-80EB-9FB3E726B6B2}.Debug|Any CPU.ActiveCfg = Debug|Any CPU
		{2560DA14-02C0-4298-80EB-9FB3E726B6B2}.Debug|Any CPU.Build.0 = Debug|Any CPU
		{2560DA14-02C0-4298-80EB-9FB3E726B6B2}.Release|Any CPU.ActiveCfg = Release|Any CPU
		{2560DA14-02C0-4298-80EB-9FB3E726B6B2}.Release|Any CPU.Build.0 = Release|Any CPU
		{2698F755-9866-4A96-8EB4-7E0F1985AA65}.Debug|Any CPU.ActiveCfg = Debug|Any CPU
		{2698F755-9866-4A96-8EB4-7E0F1985AA65}.Debug|Any CPU.Build.0 = Debug|Any CPU
		{2698F755-9866-4A96-8EB4-7E0F1985AA65}.Release|Any CPU.ActiveCfg = Release|Any CPU
		{2698F755-9866-4A96-8EB4-7E0F1985AA65}.Release|Any CPU.Build.0 = Release|Any CPU
		{7CE1DBEA-AF00-40DD-A789-14608E3A09DE}.Debug|Any CPU.ActiveCfg = Debug|Any CPU
		{7CE1DBEA-AF00-40DD-A789-14608E3A09DE}.Debug|Any CPU.Build.0 = Debug|Any CPU
		{7CE1DBEA-AF00-40DD-A789-14608E3A09DE}.Release|Any CPU.ActiveCfg = Release|Any CPU
		{7CE1DBEA-AF00-40DD-A789-14608E3A09DE}.Release|Any CPU.Build.0 = Release|Any CPU
	EndGlobalSection
	GlobalSection(SolutionProperties) = preSolution
		HideSolutionNode = FALSE
	EndGlobalSection
	GlobalSection(ExtensibilityGlobals) = postSolution
		SolutionGuid = {A1B65E7F-D4CF-4062-B525-653BC638D955}
	EndGlobalSection
EndGlobal
